// !$*UTF8*$!
{
	archiveVersion = 1;
	classes = {
	};
	objectVersion = 52;
	objects = {

/* Begin PBXBuildFile section */
		302CDFCE27B5571000B943B0 /* Alamofire in Frameworks */ = {isa = PBXBuildFile; productRef = 302CDFCD27B5571000B943B0 /* Alamofire */; };
		302CDFD127B5571B00B943B0 /* ObjectMapper in Frameworks */ = {isa = PBXBuildFile; productRef = 302CDFD027B5571B00B943B0 /* ObjectMapper */; };
		302CDFD427B5572A00B943B0 /* AlamofireImage in Frameworks */ = {isa = PBXBuildFile; productRef = 302CDFD327B5572A00B943B0 /* AlamofireImage */; };
		302CDFD727B5573C00B943B0 /* MBProgressHUD in Frameworks */ = {isa = PBXBuildFile; productRef = 302CDFD627B5573C00B943B0 /* MBProgressHUD */; };
		304155AE2211845C0096A5B0 /* AppDelegate.swift in Sources */ = {isa = PBXBuildFile; fileRef = 304155AD2211845C0096A5B0 /* AppDelegate.swift */; };
		304155B02211845C0096A5B0 /* WeatherVC.swift in Sources */ = {isa = PBXBuildFile; fileRef = 304155AF2211845C0096A5B0 /* WeatherVC.swift */; };
		304155B32211845C0096A5B0 /* Main.storyboard in Resources */ = {isa = PBXBuildFile; fileRef = 304155B12211845C0096A5B0 /* Main.storyboard */; };
		304155B52211845D0096A5B0 /* Assets.xcassets in Resources */ = {isa = PBXBuildFile; fileRef = 304155B42211845D0096A5B0 /* Assets.xcassets */; };
		304155B82211845D0096A5B0 /* LaunchScreen.storyboard in Resources */ = {isa = PBXBuildFile; fileRef = 304155B62211845D0096A5B0 /* LaunchScreen.storyboard */; };
		304155E32211AD7E0096A5B0 /* RouterProtocol.swift in Sources */ = {isa = PBXBuildFile; fileRef = 304155E22211AD7E0096A5B0 /* RouterProtocol.swift */; };
		304155E52211AD8A0096A5B0 /* WeatherData.swift in Sources */ = {isa = PBXBuildFile; fileRef = 304155E42211AD8A0096A5B0 /* WeatherData.swift */; };
		3088C1692212CD9500DB7C07 /* SendVC.swift in Sources */ = {isa = PBXBuildFile; fileRef = 3088C1682212CD9500DB7C07 /* SendVC.swift */; };
		3088C16B2212CDF700DB7C07 /* SendData.swift in Sources */ = {isa = PBXBuildFile; fileRef = 3088C16A2212CDF700DB7C07 /* SendData.swift */; };
		3088C16D2212CFD300DB7C07 /* SendResponse.swift in Sources */ = {isa = PBXBuildFile; fileRef = 3088C16C2212CFD300DB7C07 /* SendResponse.swift */; };
		3088C16F2212D05700DB7C07 /* SendBusiness.swift in Sources */ = {isa = PBXBuildFile; fileRef = 3088C16E2212D05700DB7C07 /* SendBusiness.swift */; };
		30A16E512211B1E5007AD549 /* BundleExtension.swift in Sources */ = {isa = PBXBuildFile; fileRef = 30A16E502211B1E5007AD549 /* BundleExtension.swift */; };
		30A16E532211B2A5007AD549 /* WeatherResponse.swift in Sources */ = {isa = PBXBuildFile; fileRef = 30A16E522211B2A5007AD549 /* WeatherResponse.swift */; };
		30A16E552211B5E0007AD549 /* WeatherBusiness.swift in Sources */ = {isa = PBXBuildFile; fileRef = 30A16E542211B5E0007AD549 /* WeatherBusiness.swift */; };
		30A16E572211B694007AD549 /* CityModel.swift in Sources */ = {isa = PBXBuildFile; fileRef = 30A16E562211B694007AD549 /* CityModel.swift */; };
		30A16E592211C06D007AD549 /* Utils.swift in Sources */ = {isa = PBXBuildFile; fileRef = 30A16E582211C06D007AD549 /* Utils.swift */; };
		30A16E5B2211C7CD007AD549 /* ForecastResponse.swift in Sources */ = {isa = PBXBuildFile; fileRef = 30A16E5A2211C7CD007AD549 /* ForecastResponse.swift */; };
/* End PBXBuildFile section */

/* Begin PBXCopyFilesBuildPhase section */
		304155D5221187050096A5B0 /* Embed Frameworks */ = {
			isa = PBXCopyFilesBuildPhase;
			buildActionMask = 2147483647;
			dstPath = "";
			dstSubfolderSpec = 10;
			files = (
			);
			name = "Embed Frameworks";
			runOnlyForDeploymentPostprocessing = 0;
		};
/* End PBXCopyFilesBuildPhase section */

/* Begin PBXFileReference section */
		304155AA2211845C0096A5B0 /* SwiftStarter.app */ = {isa = PBXFileReference; explicitFileType = wrapper.application; includeInIndex = 0; path = SwiftStarter.app; sourceTree = BUILT_PRODUCTS_DIR; };
		304155AD2211845C0096A5B0 /* AppDelegate.swift */ = {isa = PBXFileReference; lastKnownFileType = sourcecode.swift; path = AppDelegate.swift; sourceTree = "<group>"; };
		304155AF2211845C0096A5B0 /* WeatherVC.swift */ = {isa = PBXFileReference; lastKnownFileType = sourcecode.swift; path = WeatherVC.swift; sourceTree = "<group>"; };
		304155B22211845C0096A5B0 /* Base */ = {isa = PBXFileReference; lastKnownFileType = file.storyboard; name = Base; path = Base.lproj/Main.storyboard; sourceTree = "<group>"; };
		304155B42211845D0096A5B0 /* Assets.xcassets */ = {isa = PBXFileReference; lastKnownFileType = folder.assetcatalog; path = Assets.xcassets; sourceTree = "<group>"; };
		304155B72211845D0096A5B0 /* Base */ = {isa = PBXFileReference; lastKnownFileType = file.storyboard; name = Base; path = Base.lproj/LaunchScreen.storyboard; sourceTree = "<group>"; };
		304155B92211845D0096A5B0 /* Info.plist */ = {isa = PBXFileReference; lastKnownFileType = text.plist.xml; path = Info.plist; sourceTree = "<group>"; };
		304155E22211AD7E0096A5B0 /* RouterProtocol.swift */ = {isa = PBXFileReference; lastKnownFileType = sourcecode.swift; path = RouterProtocol.swift; sourceTree = "<group>"; };
		304155E42211AD8A0096A5B0 /* WeatherData.swift */ = {isa = PBXFileReference; lastKnownFileType = sourcecode.swift; path = WeatherData.swift; sourceTree = "<group>"; };
		3088C1682212CD9500DB7C07 /* SendVC.swift */ = {isa = PBXFileReference; lastKnownFileType = sourcecode.swift; path = SendVC.swift; sourceTree = "<group>"; };
		3088C16A2212CDF700DB7C07 /* SendData.swift */ = {isa = PBXFileReference; lastKnownFileType = sourcecode.swift; path = SendData.swift; sourceTree = "<group>"; };
		3088C16C2212CFD300DB7C07 /* SendResponse.swift */ = {isa = PBXFileReference; lastKnownFileType = sourcecode.swift; path = SendResponse.swift; sourceTree = "<group>"; };
		3088C16E2212D05700DB7C07 /* SendBusiness.swift */ = {isa = PBXFileReference; lastKnownFileType = sourcecode.swift; path = SendBusiness.swift; sourceTree = "<group>"; };
		30A16E502211B1E5007AD549 /* BundleExtension.swift */ = {isa = PBXFileReference; lastKnownFileType = sourcecode.swift; path = BundleExtension.swift; sourceTree = "<group>"; };
		30A16E522211B2A5007AD549 /* WeatherResponse.swift */ = {isa = PBXFileReference; lastKnownFileType = sourcecode.swift; path = WeatherResponse.swift; sourceTree = "<group>"; };
		30A16E542211B5E0007AD549 /* WeatherBusiness.swift */ = {isa = PBXFileReference; lastKnownFileType = sourcecode.swift; path = WeatherBusiness.swift; sourceTree = "<group>"; };
		30A16E562211B694007AD549 /* CityModel.swift */ = {isa = PBXFileReference; lastKnownFileType = sourcecode.swift; path = CityModel.swift; sourceTree = "<group>"; };
		30A16E582211C06D007AD549 /* Utils.swift */ = {isa = PBXFileReference; lastKnownFileType = sourcecode.swift; path = Utils.swift; sourceTree = "<group>"; };
		30A16E5A2211C7CD007AD549 /* ForecastResponse.swift */ = {isa = PBXFileReference; lastKnownFileType = sourcecode.swift; path = ForecastResponse.swift; sourceTree = "<group>"; };
/* End PBXFileReference section */

/* Begin PBXFrameworksBuildPhase section */
		304155A72211845C0096A5B0 /* Frameworks */ = {
			isa = PBXFrameworksBuildPhase;
			buildActionMask = 2147483647;
			files = (
				302CDFD127B5571B00B943B0 /* ObjectMapper in Frameworks */,
				302CDFCE27B5571000B943B0 /* Alamofire in Frameworks */,
				302CDFD727B5573C00B943B0 /* MBProgressHUD in Frameworks */,
				302CDFD427B5572A00B943B0 /* AlamofireImage in Frameworks */,
			);
			runOnlyForDeploymentPostprocessing = 0;
		};
/* End PBXFrameworksBuildPhase section */

/* Begin PBXGroup section */
		304155A12211845C0096A5B0 = {
			isa = PBXGroup;
			children = (
				304155AC2211845C0096A5B0 /* SwiftStarter */,
				304155AB2211845C0096A5B0 /* Products */,
			);
			sourceTree = "<group>";
		};
		304155AB2211845C0096A5B0 /* Products */ = {
			isa = PBXGroup;
			children = (
				304155AA2211845C0096A5B0 /* SwiftStarter.app */,
			);
			name = Products;
			sourceTree = "<group>";
		};
		304155AC2211845C0096A5B0 /* SwiftStarter */ = {
			isa = PBXGroup;
			children = (
				304155AD2211845C0096A5B0 /* AppDelegate.swift */,
				304155D6221187310096A5B0 /* DataAccess */,
				304155DC221188290096A5B0 /* Models */,
				304155DB221188220096A5B0 /* Business */,
				304155D82211873B0096A5B0 /* Utils */,
				304155D9221187F60096A5B0 /* Controllers */,
				304155E12211886B0096A5B0 /* Views */,
				304155B92211845D0096A5B0 /* Info.plist */,
			);
			path = SwiftStarter;
			sourceTree = "<group>";
		};
		304155D6221187310096A5B0 /* DataAccess */ = {
			isa = PBXGroup;
			children = (
				304155E82211B15A0096A5B0 /* Utils */,
				304155E42211AD8A0096A5B0 /* WeatherData.swift */,
				3088C16A2212CDF700DB7C07 /* SendData.swift */,
			);
			path = DataAccess;
			sourceTree = "<group>";
		};
		304155D82211873B0096A5B0 /* Utils */ = {
			isa = PBXGroup;
			children = (
				30A16E582211C06D007AD549 /* Utils.swift */,
			);
			path = Utils;
			sourceTree = "<group>";
		};
		304155D9221187F60096A5B0 /* Controllers */ = {
			isa = PBXGroup;
			children = (
				304155AF2211845C0096A5B0 /* WeatherVC.swift */,
				3088C1682212CD9500DB7C07 /* SendVC.swift */,
			);
			path = Controllers;
			sourceTree = "<group>";
		};
		304155DB221188220096A5B0 /* Business */ = {
			isa = PBXGroup;
			children = (
				30A16E542211B5E0007AD549 /* WeatherBusiness.swift */,
				3088C16E2212D05700DB7C07 /* SendBusiness.swift */,
			);
			path = Business;
			sourceTree = "<group>";
		};
		304155DC221188290096A5B0 /* Models */ = {
			isa = PBXGroup;
			children = (
				30A16E522211B2A5007AD549 /* WeatherResponse.swift */,
				30A16E5A2211C7CD007AD549 /* ForecastResponse.swift */,
				3088C16C2212CFD300DB7C07 /* SendResponse.swift */,
			);
			path = Models;
			sourceTree = "<group>";
		};
		304155E12211886B0096A5B0 /* Views */ = {
			isa = PBXGroup;
			children = (
				304155B12211845C0096A5B0 /* Main.storyboard */,
				304155B62211845D0096A5B0 /* LaunchScreen.storyboard */,
				304155B42211845D0096A5B0 /* Assets.xcassets */,
			);
			path = Views;
			sourceTree = "<group>";
		};
		304155E82211B15A0096A5B0 /* Utils */ = {
			isa = PBXGroup;
			children = (
				30A16E562211B694007AD549 /* CityModel.swift */,
				304155E22211AD7E0096A5B0 /* RouterProtocol.swift */,
				30A16E502211B1E5007AD549 /* BundleExtension.swift */,
			);
			path = Utils;
			sourceTree = "<group>";
		};
/* End PBXGroup section */

/* Begin PBXNativeTarget section */
		304155A92211845C0096A5B0 /* SwiftStarter */ = {
			isa = PBXNativeTarget;
			buildConfigurationList = 304155BC2211845D0096A5B0 /* Build configuration list for PBXNativeTarget "SwiftStarter" */;
			buildPhases = (
				304155A62211845C0096A5B0 /* Sources */,
				304155A72211845C0096A5B0 /* Frameworks */,
				304155A82211845C0096A5B0 /* Resources */,
				304155D5221187050096A5B0 /* Embed Frameworks */,
			);
			buildRules = (
			);
			dependencies = (
			);
			name = SwiftStarter;
			packageProductDependencies = (
				302CDFCD27B5571000B943B0 /* Alamofire */,
				302CDFD027B5571B00B943B0 /* ObjectMapper */,
				302CDFD327B5572A00B943B0 /* AlamofireImage */,
				302CDFD627B5573C00B943B0 /* MBProgressHUD */,
			);
			productName = "iOS-Starter2019";
			productReference = 304155AA2211845C0096A5B0 /* SwiftStarter.app */;
			productType = "com.apple.product-type.application";
		};
/* End PBXNativeTarget section */

/* Begin PBXProject section */
		304155A22211845C0096A5B0 /* Project object */ = {
			isa = PBXProject;
			attributes = {
				LastSwiftUpdateCheck = 1010;
				LastUpgradeCheck = 1010;
				ORGANIZATIONNAME = 3ie;
				TargetAttributes = {
					304155A92211845C0096A5B0 = {
						CreatedOnToolsVersion = 10.1;
					};
				};
			};
			buildConfigurationList = 304155A52211845C0096A5B0 /* Build configuration list for PBXProject "SwiftStater" */;
			compatibilityVersion = "Xcode 9.3";
			developmentRegion = en;
			hasScannedForEncodings = 0;
			knownRegions = (
				en,
				Base,
			);
			mainGroup = 304155A12211845C0096A5B0;
			packageReferences = (
				302CDFCC27B5571000B943B0 /* XCRemoteSwiftPackageReference "Alamofire" */,
				302CDFCF27B5571B00B943B0 /* XCRemoteSwiftPackageReference "ObjectMapper" */,
				302CDFD227B5572A00B943B0 /* XCRemoteSwiftPackageReference "AlamofireImage" */,
				302CDFD527B5573C00B943B0 /* XCRemoteSwiftPackageReference "MBProgressHUD" */,
			);
			productRefGroup = 304155AB2211845C0096A5B0 /* Products */;
			projectDirPath = "";
			projectRoot = "";
			targets = (
				304155A92211845C0096A5B0 /* SwiftStarter */,
			);
		};
/* End PBXProject section */

/* Begin PBXResourcesBuildPhase section */
		304155A82211845C0096A5B0 /* Resources */ = {
			isa = PBXResourcesBuildPhase;
			buildActionMask = 2147483647;
			files = (
				304155B82211845D0096A5B0 /* LaunchScreen.storyboard in Resources */,
				304155B52211845D0096A5B0 /* Assets.xcassets in Resources */,
				304155B32211845C0096A5B0 /* Main.storyboard in Resources */,
			);
			runOnlyForDeploymentPostprocessing = 0;
		};
/* End PBXResourcesBuildPhase section */

/* Begin PBXSourcesBuildPhase section */
		304155A62211845C0096A5B0 /* Sources */ = {
			isa = PBXSourcesBuildPhase;
			buildActionMask = 2147483647;
			files = (
				30A16E512211B1E5007AD549 /* BundleExtension.swift in Sources */,
				3088C16B2212CDF700DB7C07 /* SendData.swift in Sources */,
				3088C16D2212CFD300DB7C07 /* SendResponse.swift in Sources */,
				30A16E552211B5E0007AD549 /* WeatherBusiness.swift in Sources */,
				30A16E592211C06D007AD549 /* Utils.swift in Sources */,
				30A16E532211B2A5007AD549 /* WeatherResponse.swift in Sources */,
				30A16E5B2211C7CD007AD549 /* ForecastResponse.swift in Sources */,
				3088C1692212CD9500DB7C07 /* SendVC.swift in Sources */,
				304155E32211AD7E0096A5B0 /* RouterProtocol.swift in Sources */,
				30A16E572211B694007AD549 /* CityModel.swift in Sources */,
				304155B02211845C0096A5B0 /* WeatherVC.swift in Sources */,
				3088C16F2212D05700DB7C07 /* SendBusiness.swift in Sources */,
				304155E52211AD8A0096A5B0 /* WeatherData.swift in Sources */,
				304155AE2211845C0096A5B0 /* AppDelegate.swift in Sources */,
			);
			runOnlyForDeploymentPostprocessing = 0;
		};
/* End PBXSourcesBuildPhase section */

/* Begin PBXVariantGroup section */
		304155B12211845C0096A5B0 /* Main.storyboard */ = {
			isa = PBXVariantGroup;
			children = (
				304155B22211845C0096A5B0 /* Base */,
			);
			name = Main.storyboard;
			sourceTree = "<group>";
		};
		304155B62211845D0096A5B0 /* LaunchScreen.storyboard */ = {
			isa = PBXVariantGroup;
			children = (
				304155B72211845D0096A5B0 /* Base */,
			);
			name = LaunchScreen.storyboard;
			sourceTree = "<group>";
		};
/* End PBXVariantGroup section */

/* Begin XCBuildConfiguration section */
		304155BA2211845D0096A5B0 /* Debug */ = {
			isa = XCBuildConfiguration;
			buildSettings = {
				ALWAYS_SEARCH_USER_PATHS = NO;
				CLANG_ANALYZER_NONNULL = YES;
				CLANG_ANALYZER_NUMBER_OBJECT_CONVERSION = YES_AGGRESSIVE;
				CLANG_CXX_LANGUAGE_STANDARD = "gnu++14";
				CLANG_CXX_LIBRARY = "libc++";
				CLANG_ENABLE_MODULES = YES;
				CLANG_ENABLE_OBJC_ARC = YES;
				CLANG_ENABLE_OBJC_WEAK = YES;
				CLANG_WARN_BLOCK_CAPTURE_AUTORELEASING = YES;
				CLANG_WARN_BOOL_CONVERSION = YES;
				CLANG_WARN_COMMA = YES;
				CLANG_WARN_CONSTANT_CONVERSION = YES;
				CLANG_WARN_DEPRECATED_OBJC_IMPLEMENTATIONS = YES;
				CLANG_WARN_DIRECT_OBJC_ISA_USAGE = YES_ERROR;
				CLANG_WARN_DOCUMENTATION_COMMENTS = YES;
				CLANG_WARN_EMPTY_BODY = YES;
				CLANG_WARN_ENUM_CONVERSION = YES;
				CLANG_WARN_INFINITE_RECURSION = YES;
				CLANG_WARN_INT_CONVERSION = YES;
				CLANG_WARN_NON_LITERAL_NULL_CONVERSION = YES;
				CLANG_WARN_OBJC_IMPLICIT_RETAIN_SELF = YES;
				CLANG_WARN_OBJC_LITERAL_CONVERSION = YES;
				CLANG_WARN_OBJC_ROOT_CLASS = YES_ERROR;
				CLANG_WARN_RANGE_LOOP_ANALYSIS = YES;
				CLANG_WARN_STRICT_PROTOTYPES = YES;
				CLANG_WARN_SUSPICIOUS_MOVE = YES;
				CLANG_WARN_UNGUARDED_AVAILABILITY = YES_AGGRESSIVE;
				CLANG_WARN_UNREACHABLE_CODE = YES;
				CLANG_WARN__DUPLICATE_METHOD_MATCH = YES;
				CODE_SIGN_IDENTITY = "iPhone Developer";
				COPY_PHASE_STRIP = NO;
				DEBUG_INFORMATION_FORMAT = dwarf;
				ENABLE_STRICT_OBJC_MSGSEND = YES;
				ENABLE_TESTABILITY = YES;
				GCC_C_LANGUAGE_STANDARD = gnu11;
				GCC_DYNAMIC_NO_PIC = NO;
				GCC_NO_COMMON_BLOCKS = YES;
				GCC_OPTIMIZATION_LEVEL = 0;
				GCC_PREPROCESSOR_DEFINITIONS = (
					"DEBUG=1",
					"$(inherited)",
				);
				GCC_WARN_64_TO_32_BIT_CONVERSION = YES;
				GCC_WARN_ABOUT_RETURN_TYPE = YES_ERROR;
				GCC_WARN_UNDECLARED_SELECTOR = YES;
				GCC_WARN_UNINITIALIZED_AUTOS = YES_AGGRESSIVE;
				GCC_WARN_UNUSED_FUNCTION = YES;
				GCC_WARN_UNUSED_VARIABLE = YES;
				IPHONEOS_DEPLOYMENT_TARGET = 12.1;
				MTL_ENABLE_DEBUG_INFO = INCLUDE_SOURCE;
				MTL_FAST_MATH = YES;
				ONLY_ACTIVE_ARCH = YES;
				SDKROOT = iphoneos;
				SWIFT_ACTIVE_COMPILATION_CONDITIONS = DEBUG;
				SWIFT_OPTIMIZATION_LEVEL = "-Onone";
			};
			name = Debug;
		};
		304155BB2211845D0096A5B0 /* Release */ = {
			isa = XCBuildConfiguration;
			buildSettings = {
				ALWAYS_SEARCH_USER_PATHS = NO;
				CLANG_ANALYZER_NONNULL = YES;
				CLANG_ANALYZER_NUMBER_OBJECT_CONVERSION = YES_AGGRESSIVE;
				CLANG_CXX_LANGUAGE_STANDARD = "gnu++14";
				CLANG_CXX_LIBRARY = "libc++";
				CLANG_ENABLE_MODULES = YES;
				CLANG_ENABLE_OBJC_ARC = YES;
				CLANG_ENABLE_OBJC_WEAK = YES;
				CLANG_WARN_BLOCK_CAPTURE_AUTORELEASING = YES;
				CLANG_WARN_BOOL_CONVERSION = YES;
				CLANG_WARN_COMMA = YES;
				CLANG_WARN_CONSTANT_CONVERSION = YES;
				CLANG_WARN_DEPRECATED_OBJC_IMPLEMENTATIONS = YES;
				CLANG_WARN_DIRECT_OBJC_ISA_USAGE = YES_ERROR;
				CLANG_WARN_DOCUMENTATION_COMMENTS = YES;
				CLANG_WARN_EMPTY_BODY = YES;
				CLANG_WARN_ENUM_CONVERSION = YES;
				CLANG_WARN_INFINITE_RECURSION = YES;
				CLANG_WARN_INT_CONVERSION = YES;
				CLANG_WARN_NON_LITERAL_NULL_CONVERSION = YES;
				CLANG_WARN_OBJC_IMPLICIT_RETAIN_SELF = YES;
				CLANG_WARN_OBJC_LITERAL_CONVERSION = YES;
				CLANG_WARN_OBJC_ROOT_CLASS = YES_ERROR;
				CLANG_WARN_RANGE_LOOP_ANALYSIS = YES;
				CLANG_WARN_STRICT_PROTOTYPES = YES;
				CLANG_WARN_SUSPICIOUS_MOVE = YES;
				CLANG_WARN_UNGUARDED_AVAILABILITY = YES_AGGRESSIVE;
				CLANG_WARN_UNREACHABLE_CODE = YES;
				CLANG_WARN__DUPLICATE_METHOD_MATCH = YES;
				CODE_SIGN_IDENTITY = "iPhone Developer";
				COPY_PHASE_STRIP = NO;
				DEBUG_INFORMATION_FORMAT = "dwarf-with-dsym";
				ENABLE_NS_ASSERTIONS = NO;
				ENABLE_STRICT_OBJC_MSGSEND = YES;
				GCC_C_LANGUAGE_STANDARD = gnu11;
				GCC_NO_COMMON_BLOCKS = YES;
				GCC_WARN_64_TO_32_BIT_CONVERSION = YES;
				GCC_WARN_ABOUT_RETURN_TYPE = YES_ERROR;
				GCC_WARN_UNDECLARED_SELECTOR = YES;
				GCC_WARN_UNINITIALIZED_AUTOS = YES_AGGRESSIVE;
				GCC_WARN_UNUSED_FUNCTION = YES;
				GCC_WARN_UNUSED_VARIABLE = YES;
				IPHONEOS_DEPLOYMENT_TARGET = 12.1;
				MTL_ENABLE_DEBUG_INFO = NO;
				MTL_FAST_MATH = YES;
				SDKROOT = iphoneos;
				SWIFT_COMPILATION_MODE = wholemodule;
				SWIFT_OPTIMIZATION_LEVEL = "-O";
				VALIDATE_PRODUCT = YES;
			};
			name = Release;
		};
		304155BD2211845D0096A5B0 /* Debug */ = {
			isa = XCBuildConfiguration;
			buildSettings = {
				ASSETCATALOG_COMPILER_APPICON_NAME = AppIcon;
				CODE_SIGN_STYLE = Automatic;
				DEVELOPMENT_TEAM = ZA25QH9A8G;
				FRAMEWORK_SEARCH_PATHS = (
					"$(inherited)",
					"$(PROJECT_DIR)/Carthage/Build/iOS",
				);
				INFOPLIST_FILE = "$(SRCROOT)/SwiftStarter/Info.plist";
				IPHONEOS_DEPLOYMENT_TARGET = 13.0;
				LD_RUNPATH_SEARCH_PATHS = (
					"$(inherited)",
					"@executable_path/Frameworks",
				);
				PRODUCT_BUNDLE_IDENTIFIER = "fr.3ie.iOS-Starter2019";
				PRODUCT_NAME = "$(TARGET_NAME)";
				SWIFT_VERSION = 4.2;
				TARGETED_DEVICE_FAMILY = "1,2";
			};
			name = Debug;
		};
		304155BE2211845D0096A5B0 /* Release */ = {
			isa = XCBuildConfiguration;
			buildSettings = {
				ASSETCATALOG_COMPILER_APPICON_NAME = AppIcon;
				CODE_SIGN_STYLE = Automatic;
				DEVELOPMENT_TEAM = ZA25QH9A8G;
				FRAMEWORK_SEARCH_PATHS = (
					"$(inherited)",
					"$(PROJECT_DIR)/Carthage/Build/iOS",
				);
				INFOPLIST_FILE = "$(SRCROOT)/SwiftStarter/Info.plist";
				IPHONEOS_DEPLOYMENT_TARGET = 13.0;
				LD_RUNPATH_SEARCH_PATHS = (
					"$(inherited)",
					"@executable_path/Frameworks",
				);
				PRODUCT_BUNDLE_IDENTIFIER = "fr.3ie.iOS-Starter2019";
				PRODUCT_NAME = "$(TARGET_NAME)";
				SWIFT_VERSION = 4.2;
				TARGETED_DEVICE_FAMILY = "1,2";
			};
			name = Release;
		};
/* End XCBuildConfiguration section */

/* Begin XCConfigurationList section */
		304155A52211845C0096A5B0 /* Build configuration list for PBXProject "SwiftStater" */ = {
			isa = XCConfigurationList;
			buildConfigurations = (
				304155BA2211845D0096A5B0 /* Debug */,
				304155BB2211845D0096A5B0 /* Release */,
			);
			defaultConfigurationIsVisible = 0;
			defaultConfigurationName = Release;
		};
		304155BC2211845D0096A5B0 /* Build configuration list for PBXNativeTarget "SwiftStarter" */ = {
			isa = XCConfigurationList;
			buildConfigurations = (
				304155BD2211845D0096A5B0 /* Debug */,
				304155BE2211845D0096A5B0 /* Release */,
			);
			defaultConfigurationIsVisible = 0;
			defaultConfigurationName = Release;
		};
/* End XCConfigurationList section */

/* Begin XCRemoteSwiftPackageReference section */
		302CDFCC27B5571000B943B0 /* XCRemoteSwiftPackageReference "Alamofire" */ = {
			isa = XCRemoteSwiftPackageReference;
			repositoryURL = "https://github.com/Alamofire/Alamofire";
			requirement = {
				kind = upToNextMajorVersion;
				minimumVersion = 5.0.0;
			};
		};
		302CDFCF27B5571B00B943B0 /* XCRemoteSwiftPackageReference "ObjectMapper" */ = {
			isa = XCRemoteSwiftPackageReference;
			repositoryURL = "https://github.com/tristanhimmelman/ObjectMapper";
			requirement = {
				branch = master;
				kind = branch;
			};
		};
		302CDFD227B5572A00B943B0 /* XCRemoteSwiftPackageReference "AlamofireImage" */ = {
			isa = XCRemoteSwiftPackageReference;
			repositoryURL = "https://github.com/Alamofire/AlamofireImage";
			requirement = {
				branch = master;
				kind = branch;
			};
		};
		302CDFD527B5573C00B943B0 /* XCRemoteSwiftPackageReference "MBProgressHUD" */ = {
			isa = XCRemoteSwiftPackageReference;
			repositoryURL = "https://github.com/jdg/MBProgressHUD";
			requirement = {
				kind = upToNextMajorVersion;
				minimumVersion = 1.0.0;
			};
		};
/* End XCRemoteSwiftPackageReference section */

/* Begin XCSwiftPackageProductDependency section */
		302CDFCD27B5571000B943B0 /* Alamofire */ = {
			isa = XCSwiftPackageProductDependency;
			package = 302CDFCC27B5571000B943B0 /* XCRemoteSwiftPackageReference "Alamofire" */;
			productName = Alamofire;
		};
		302CDFD027B5571B00B943B0 /* ObjectMapper */ = {
			isa = XCSwiftPackageProductDependency;
			package = 302CDFCF27B5571B00B943B0 /* XCRemoteSwiftPackageReference "ObjectMapper" */;
			productName = ObjectMapper;
		};
		302CDFD327B5572A00B943B0 /* AlamofireImage */ = {
			isa = XCSwiftPackageProductDependency;
			package = 302CDFD227B5572A00B943B0 /* XCRemoteSwiftPackageReference "AlamofireImage" */;
			productName = AlamofireImage;
		};
		302CDFD627B5573C00B943B0 /* MBProgressHUD */ = {
			isa = XCSwiftPackageProductDependency;
			package = 302CDFD527B5573C00B943B0 /* XCRemoteSwiftPackageReference "MBProgressHUD" */;
			productName = MBProgressHUD;
		};
/* End XCSwiftPackageProductDependency section */
	};
	rootObject = 304155A22211845C0096A5B0 /* Project object */;
}
